
Microsoft Visual Studio Solution File, Format Version 12.00
# Visual Studio 14
VisualStudioVersion = 14.0.25420.1
MinimumVisualStudioVersion = 10.0.40219.1
Project("{FAE04EC0-301F-11D3-BF4B-00C04F79EFBC}") = "BetaHang", "BetaHang\BetaHang.csproj", "{53DFD933-26CC-4A95-B5AB-042B16AC707F}"
EndProject
Project("{FAE04EC0-301F-11D3-BF4B-00C04F79EFBC}") = "BetaHangClient", "BetaHangClient\BetaHangClient.csproj", "{5CC8B800-47C9-4F42-B4A1-C39C1EDEB145}"
EndProject
Project("{FAE04EC0-301F-11D3-BF4B-00C04F79EFBC}") = "BetaHangServer", "BetaHangServer\BetaHangServer.csproj", "{AB31335B-3504-4808-800D-601232281E5A}"
EndProject
Global
	GlobalSection(SolutionConfigurationPlatforms) = preSolution
		Debug|Any CPU = Debug|Any CPU
		Release|Any CPU = Release|Any CPU
	EndGlobalSection
	GlobalSection(ProjectConfigurationPlatforms) = postSolution
		{53DFD933-26CC-4A95-B5AB-042B16AC707F}.Debug|Any CPU.ActiveCfg = Debug|Any CPU
		{53DFD933-26CC-4A95-B5AB-042B16AC707F}.Debug|Any CPU.Build.0 = Debug|Any CPU
		{53DFD933-26CC-4A95-B5AB-042B16AC707F}.Release|Any CPU.ActiveCfg = Release|Any CPU
		{53DFD933-26CC-4A95-B5AB-042B16AC707F}.Release|Any CPU.Build.0 = Release|Any CPU
		{5CC8B800-47C9-4F42-B4A1-C39C1EDEB145}.Debug|Any CPU.ActiveCfg = Debug|Any CPU
		{5CC8B800-47C9-4F42-B4A1-C39C1EDEB145}.Debug|Any CPU.Build.0 = Debug|Any CPU
		{5CC8B800-47C9-4F42-B4A1-C39C1EDEB145}.Release|Any CPU.ActiveCfg = Release|Any CPU
		{5CC8B800-47C9-4F42-B4A1-C39C1EDEB145}.Release|Any CPU.Build.0 = Release|Any CPU
		{AB31335B-3504-4808-800D-601232281E5A}.Debug|Any CPU.ActiveCfg = Debug|Any CPU
		{AB31335B-3504-4808-800D-601232281E5A}.Debug|Any CPU.Build.0 = Debug|Any CPU
		{AB31335B-3504-4808-800D-601232281E5A}.Release|Any CPU.ActiveCfg = Release|Any CPU
		{AB31335B-3504-4808-800D-601232281E5A}.Release|Any CPU.Build.0 = Release|Any CPU
	EndGlobalSection
	GlobalSection(SolutionProperties) = preSolution
		HideSolutionNode = FALSE
	EndGlobalSection
EndGlobal
